
Microsoft Visual Studio Solution File, Format Version 9.00
# Visual C++ Express 2005
Project("{8BC9CEB8-8B4A-11D0-8D11-00A0C91BC942}") = "Swish", "Swish.vcproj", "{40350728-C4CD-48CE-B8EC-8247C005E905}"
EndProject
Global
	GlobalSection(SolutionConfigurationPlatforms) = preSolution
		Debug|Win32 = Debug|Win32
		Release|Win32 = Release|Win32
	EndGlobalSection
	GlobalSection(ProjectConfigurationPlatforms) = postSolution
		{40350728-C4CD-48CE-B8EC-8247C005E905}.Debug|Win32.ActiveCfg = Debug|Win32
		{40350728-C4CD-48CE-B8EC-8247C005E905}.Debug|Win32.Build.0 = Debug|Win32
		{40350728-C4CD-48CE-B8EC-8247C005E905}.Release|Win32.ActiveCfg = Release|Win32
		{40350728-C4CD-48CE-B8EC-8247C005E905}.Release|Win32.Build.0 = Release|Win32
	EndGlobalSection
	GlobalSection(SolutionProperties) = preSolution
		HideSolutionNode = FALSE
	EndGlobalSection
EndGlobal
