
Microsoft Visual Studio Solution File, Format Version 9.00
# Visual Studio 2005
Project("{8BC9CEB8-8B4A-11D0-8D11-00A0C91BC942}") = "Swish", "Swish.vcproj", "{3F48C01A-FE7D-4907-860B-B7F45926F277}"
EndProject
Project("{54435603-DBB4-11D2-8724-00A0C9A8B90C}") = "Installer", "Installer\Installer.vdproj", "{4AC841DB-FEDF-4624-BFBD-A494B1F8B188}"
EndProject
Project("{8BC9CEB8-8B4A-11D0-8D11-00A0C91BC942}") = "UnitTests", "UnitTests\UnitTests.vcproj", "{6C4476D2-1CD6-4A97-B6B1-A106926F44AD}"
	ProjectSection(ProjectDependencies) = postProject
		{32D56E95-70FE-4FCF-ADA2-303CEDEB86A0} = {32D56E95-70FE-4FCF-ADA2-303CEDEB86A0}
	EndProjectSection
EndProject
Project("{2150E333-8FDC-42A3-9474-1A3956D46DE8}") = "Backends", "Backends", "{D3818F0B-C311-4E86-AD4A-AA9AFE387E24}"
EndProject
Project("{8BC9CEB8-8B4A-11D0-8D11-00A0C91BC942}") = "PuttyProvider", "PuttyProvider\PuttyProvider.vcproj", "{32D56E95-70FE-4FCF-ADA2-303CEDEB86A0}"
	ProjectSection(ProjectDependencies) = postProject
		{3F48C01A-FE7D-4907-860B-B7F45926F277} = {3F48C01A-FE7D-4907-860B-B7F45926F277}
	EndProjectSection
EndProject
Project("{8BC9CEB8-8B4A-11D0-8D11-00A0C91BC942}") = "Libssh2Provider", "Libssh2Provider\Libssh2Provider.vcproj", "{CFC0C998-B275-48AB-AAD3-C99272154656}"
EndProject
Project("{8BC9CEB8-8B4A-11D0-8D11-00A0C91BC942}") = "libssh2", "Libssh2Provider\libssh2.vcproj", "{057B464F-AFD9-47AA-B2C2-D6F88A9EF27E}"
EndProject
Global
	GlobalSection(SolutionConfigurationPlatforms) = preSolution
		Debug|Win32 = Debug|Win32
		PREfast|Win32 = PREfast|Win32
		Release|Win32 = Release|Win32
	EndGlobalSection
	GlobalSection(ProjectConfigurationPlatforms) = postSolution
		{3F48C01A-FE7D-4907-860B-B7F45926F277}.Debug|Win32.ActiveCfg = Debug|Win32
		{3F48C01A-FE7D-4907-860B-B7F45926F277}.Debug|Win32.Build.0 = Debug|Win32
		{3F48C01A-FE7D-4907-860B-B7F45926F277}.PREfast|Win32.ActiveCfg = PREfast|Win32
		{3F48C01A-FE7D-4907-860B-B7F45926F277}.PREfast|Win32.Build.0 = PREfast|Win32
		{3F48C01A-FE7D-4907-860B-B7F45926F277}.Release|Win32.ActiveCfg = Release|Win32
		{3F48C01A-FE7D-4907-860B-B7F45926F277}.Release|Win32.Build.0 = Release|Win32
		{4AC841DB-FEDF-4624-BFBD-A494B1F8B188}.Debug|Win32.ActiveCfg = Debug
		{4AC841DB-FEDF-4624-BFBD-A494B1F8B188}.PREfast|Win32.ActiveCfg = Release
		{4AC841DB-FEDF-4624-BFBD-A494B1F8B188}.Release|Win32.ActiveCfg = Release
		{6C4476D2-1CD6-4A97-B6B1-A106926F44AD}.Debug|Win32.ActiveCfg = Debug|Win32
		{6C4476D2-1CD6-4A97-B6B1-A106926F44AD}.Debug|Win32.Build.0 = Debug|Win32
		{6C4476D2-1CD6-4A97-B6B1-A106926F44AD}.PREfast|Win32.ActiveCfg = PREfast|Win32
		{6C4476D2-1CD6-4A97-B6B1-A106926F44AD}.PREfast|Win32.Build.0 = PREfast|Win32
		{6C4476D2-1CD6-4A97-B6B1-A106926F44AD}.Release|Win32.ActiveCfg = Release|Win32
		{6C4476D2-1CD6-4A97-B6B1-A106926F44AD}.Release|Win32.Build.0 = Release|Win32
		{32D56E95-70FE-4FCF-ADA2-303CEDEB86A0}.Debug|Win32.ActiveCfg = Debug|Win32
		{32D56E95-70FE-4FCF-ADA2-303CEDEB86A0}.Debug|Win32.Build.0 = Debug|Win32
		{32D56E95-70FE-4FCF-ADA2-303CEDEB86A0}.PREfast|Win32.ActiveCfg = PREfast|Win32
		{32D56E95-70FE-4FCF-ADA2-303CEDEB86A0}.PREfast|Win32.Build.0 = PREfast|Win32
		{32D56E95-70FE-4FCF-ADA2-303CEDEB86A0}.Release|Win32.ActiveCfg = Release|Win32
		{32D56E95-70FE-4FCF-ADA2-303CEDEB86A0}.Release|Win32.Build.0 = Release|Win32
		{CFC0C998-B275-48AB-AAD3-C99272154656}.Debug|Win32.ActiveCfg = Debug|Win32
		{CFC0C998-B275-48AB-AAD3-C99272154656}.Debug|Win32.Build.0 = Debug|Win32
		{CFC0C998-B275-48AB-AAD3-C99272154656}.PREfast|Win32.ActiveCfg = PREfast|Win32
		{CFC0C998-B275-48AB-AAD3-C99272154656}.PREfast|Win32.Build.0 = PREfast|Win32
		{CFC0C998-B275-48AB-AAD3-C99272154656}.Release|Win32.ActiveCfg = Release|Win32
		{CFC0C998-B275-48AB-AAD3-C99272154656}.Release|Win32.Build.0 = Release|Win32
		{057B464F-AFD9-47AA-B2C2-D6F88A9EF27E}.Debug|Win32.ActiveCfg = Debug|Win32
		{057B464F-AFD9-47AA-B2C2-D6F88A9EF27E}.Debug|Win32.Build.0 = Debug|Win32
		{057B464F-AFD9-47AA-B2C2-D6F88A9EF27E}.PREfast|Win32.ActiveCfg = Release|Win32
		{057B464F-AFD9-47AA-B2C2-D6F88A9EF27E}.PREfast|Win32.Build.0 = Release|Win32
		{057B464F-AFD9-47AA-B2C2-D6F88A9EF27E}.Release|Win32.ActiveCfg = Release|Win32
		{057B464F-AFD9-47AA-B2C2-D6F88A9EF27E}.Release|Win32.Build.0 = Release|Win32
	EndGlobalSection
	GlobalSection(SolutionProperties) = preSolution
		HideSolutionNode = FALSE
	EndGlobalSection
	GlobalSection(NestedProjects) = preSolution
		{32D56E95-70FE-4FCF-ADA2-303CEDEB86A0} = {D3818F0B-C311-4E86-AD4A-AA9AFE387E24}
		{CFC0C998-B275-48AB-AAD3-C99272154656} = {D3818F0B-C311-4E86-AD4A-AA9AFE387E24}
		{057B464F-AFD9-47AA-B2C2-D6F88A9EF27E} = {D3818F0B-C311-4E86-AD4A-AA9AFE387E24}
	EndGlobalSection
EndGlobal
